
Microsoft Visual Studio Solution File, Format Version 12.00
# Visual Studio Version 16
VisualStudioVersion = 16.0.30907.101
MinimumVisualStudioVersion = 10.0.40219.1
Project("{FAE04EC0-301F-11D3-BF4B-00C04F79EFBC}") = "GameStore", "GameStore\GameStore.csproj", "{6DF2F44B-791D-4EAB-90B2-6F8DD6D97065}"
EndProject
Global
	GlobalSection(SolutionConfigurationPlatforms) = preSolution
		Debug|Any CPU = Debug|Any CPU
		Release|Any CPU = Release|Any CPU
	EndGlobalSection
	GlobalSection(ProjectConfigurationPlatforms) = postSolution
		{6DF2F44B-791D-4EAB-90B2-6F8DD6D97065}.Debug|Any CPU.ActiveCfg = Debug|Any CPU
		{6DF2F44B-791D-4EAB-90B2-6F8DD6D97065}.Debug|Any CPU.Build.0 = Debug|Any CPU
		{6DF2F44B-791D-4EAB-90B2-6F8DD6D97065}.Release|Any CPU.ActiveCfg = Release|Any CPU
		{6DF2F44B-791D-4EAB-90B2-6F8DD6D97065}.Release|Any CPU.Build.0 = Release|Any CPU
	EndGlobalSection
	GlobalSection(SolutionProperties) = preSolution
		HideSolutionNode = FALSE
	EndGlobalSection
	GlobalSection(ExtensibilityGlobals) = postSolution
		SolutionGuid = {FA221EE6-A36C-4AB8-B0D1-1C911C50FFE6}
	EndGlobalSection
EndGlobal
